{
  "name": "basicjs",
  "version": "1.0.0",
  "lockfileVersion": 3,
  "requires": true,
  "packages": {
    "": {
      "name": "basicjs",
      "version": "1.0.0",
      "license": "ISC",
      "devDependencies": {
        "@eslint/js": "^9.18.0",
        "eslint": "file:eslint/create-config@1.0.0",
        "globals": "^15.14.0",
        "prettier": "^3.4.2"
      }
    },
    "eslint/create-config@1.0.0": {
      "dev": true
    },
    "node_modules/@eslint/js": {
      "version": "9.18.0",
      "resolved": "https://registry.npmjs.org/@eslint/js/-/js-9.18.0.tgz",
      "integrity": "sha512-fK6L7rxcq6/z+AaQMtiFTkvbHkBLNlwyRxHpKawP0x3u9+NC6MQTnFW+AdpwC6gfHTW0051cokQgtTN2FqlxQA==",
      "dev": true,
      "license": "MIT",
      "engines": {
        "node": "^18.18.0 || ^20.9.0 || >=21.1.0"
      }
    },
    "node_modules/eslint": {
      "resolved": "eslint/create-config@1.0.0",
      "link": true
    },
    "node_modules/globals": {
      "version": "15.14.0",
      "resolved": "https://registry.npmjs.org/globals/-/globals-15.14.0.tgz",
      "integrity": "sha512-OkToC372DtlQeje9/zHIo5CT8lRP/FUgEOKBEhU4e0abL7J7CD24fD9ohiLN5hagG/kWCYj4K5oaxxtj2Z0Dig==",
      "dev": true,
      "license": "MIT",
      "engines": {
        "node": ">=18"
      },
      "funding": {
        "url": "https://github.com/sponsors/sindresorhus"
      }
    },
    "node_modules/prettier": {
      "version": "3.4.2",
      "resolved": "https://registry.npmjs.org/prettier/-/prettier-3.4.2.tgz",
      "integrity": "sha512-e9MewbtFo+Fevyuxn/4rrcDAaq0IYxPGLvObpQjiZBMAzB9IGmzlnG9RZy3FFas+eBMu2vA0CszMeduow5dIuQ==",
      "dev": true,
      "license": "MIT",
      "bin": {
        "prettier": "bin/prettier.cjs"
      },
      "engines": {
        "node": ">=14"
      },
      "funding": {
        "url": "https://github.com/prettier/prettier?sponsor=1"
      }
    }
  }
}
